
Microsoft Visual Studio Solution File, Format Version 12.00
# Visual Studio 15
Project("{FAE04EC0-301F-11D3-BF4B-00C04F79EFBC}") = "Assembly-CSharp-Editor", "Assembly-CSharp-Editor.csproj", "{67D06227-2890-EA06-5E4B-2ECED3C2477A}"
EndProject
Project("{FAE04EC0-301F-11D3-BF4B-00C04F79EFBC}") = "Assembly-CSharp", "Assembly-CSharp.csproj", "{BE2A0B41-2473-81A7-9ADE-5C356BF48ED1}"
EndProject
Global
	GlobalSection(SolutionConfigurationPlatforms) = preSolution
		Debug|Any CPU = Debug|Any CPU
		Release|Any CPU = Release|Any CPU
	EndGlobalSection
	GlobalSection(ProjectConfigurationPlatforms) = postSolution
		{67D06227-2890-EA06-5E4B-2ECED3C2477A}.Debug|Any CPU.ActiveCfg = Debug|Any CPU
		{67D06227-2890-EA06-5E4B-2ECED3C2477A}.Debug|Any CPU.Build.0 = Debug|Any CPU
		{67D06227-2890-EA06-5E4B-2ECED3C2477A}.Release|Any CPU.ActiveCfg = Release|Any CPU
		{67D06227-2890-EA06-5E4B-2ECED3C2477A}.Release|Any CPU.Build.0 = Release|Any CPU
		{BE2A0B41-2473-81A7-9ADE-5C356BF48ED1}.Debug|Any CPU.ActiveCfg = Debug|Any CPU
		{BE2A0B41-2473-81A7-9ADE-5C356BF48ED1}.Debug|Any CPU.Build.0 = Debug|Any CPU
		{BE2A0B41-2473-81A7-9ADE-5C356BF48ED1}.Release|Any CPU.ActiveCfg = Release|Any CPU
		{BE2A0B41-2473-81A7-9ADE-5C356BF48ED1}.Release|Any CPU.Build.0 = Release|Any CPU
	EndGlobalSection
	GlobalSection(SolutionProperties) = preSolution
		HideSolutionNode = FALSE
	EndGlobalSection
EndGlobal
